
Microsoft Visual Studio Solution File, Format Version 12.00
# Visual Studio Version 17
VisualStudioVersion = 17.11.35327.3
MinimumVisualStudioVersion = 10.0.40219.1
Project("{FAE04EC0-301F-11D3-BF4B-00C04F79EFBC}") = "AspCoreWebAppMVC", "AspCoreWebAppMVC.csproj", "{B992CDF8-4261-4477-ABAF-F546B8A685B6}"
EndProject
Global
	GlobalSection(SolutionConfigurationPlatforms) = preSolution
		Debug|Any CPU = Debug|Any CPU
		Release|Any CPU = Release|Any CPU
	EndGlobalSection
	GlobalSection(ProjectConfigurationPlatforms) = postSolution
		{B992CDF8-4261-4477-ABAF-F546B8A685B6}.Debug|Any CPU.ActiveCfg = Debug|Any CPU
		{B992CDF8-4261-4477-ABAF-F546B8A685B6}.Debug|Any CPU.Build.0 = Debug|Any CPU
		{B992CDF8-4261-4477-ABAF-F546B8A685B6}.Release|Any CPU.ActiveCfg = Release|Any CPU
		{B992CDF8-4261-4477-ABAF-F546B8A685B6}.Release|Any CPU.Build.0 = Release|Any CPU
	EndGlobalSection
	GlobalSection(SolutionProperties) = preSolution
		HideSolutionNode = FALSE
	EndGlobalSection
	GlobalSection(ExtensibilityGlobals) = postSolution
		SolutionGuid = {656594BE-890C-420A-8AFD-244C7B4D1747}
	EndGlobalSection
EndGlobal
